Microsoft Visual Studio Solution File, Format Version 11.00
# Visual Studio 2008

Project("{2F5598D1-B691-0858-DF32-055D7820AEF7}") = "FUTURAMA GAME", "Assembly-CSharp-vs.csproj", "{D3BF207A-E723-E03F-D6C4-3DB3C941AA9E}"
EndProject
Global
	GlobalSection(SolutionConfigurationPlatforms) = preSolution
		Debug|Any CPU = Debug|Any CPU
		Release|Any CPU = Release|Any CPU
	EndGlobalSection
	GlobalSection(ProjectConfigurationPlatforms) = postSolution
		{D3BF207A-E723-E03F-D6C4-3DB3C941AA9E}.Debug|Any CPU.ActiveCfg = Debug|Any CPU
		{D3BF207A-E723-E03F-D6C4-3DB3C941AA9E}.Debug|Any CPU.Build.0 = Debug|Any CPU
		{D3BF207A-E723-E03F-D6C4-3DB3C941AA9E}.Release|Any CPU.ActiveCfg = Release|Any CPU
		{D3BF207A-E723-E03F-D6C4-3DB3C941AA9E}.Release|Any CPU.Build.0 = Release|Any CPU
	EndGlobalSection
	GlobalSection(SolutionProperties) = preSolution
		HideSolutionNode = FALSE
	EndGlobalSection
				GlobalSection(MonoDevelopProperties) = preSolution
		StartupItem = Assembly-CSharp.csproj
		Policies = $0
		$0.TextStylePolicy = $1
		$1.inheritsSet = null
		$1.scope = text/x-csharp
		$0.CSharpFormattingPolicy = $2
		$2.inheritsSet = Mono
		$2.inheritsScope = text/x-csharp
		$2.scope = text/x-csharp
		$0.TextStylePolicy = $3
		$3.FileWidth = 120
		$3.TabWidth = 4
		$3.IndentWidth = 4
		$3.EolMarker = Unix
		$3.inheritsSet = Mono
		$3.inheritsScope = text/plain
		$3.scope = text/plain
	EndGlobalSection

EndGlobal
